
Microsoft Visual Studio Solution File, Format Version 12.00
# Visual Studio Version 17
VisualStudioVersion = 17.10.35013.160
MinimumVisualStudioVersion = 10.0.40219.1
Project("{9A19103F-16F7-4668-BE54-9A1E7A4F7556}") = "ShoppingMells", "ShoppingMells\ShoppingMells.csproj", "{0C5D5E67-6835-4784-8860-598F511CBF74}"
EndProject
Global
	GlobalSection(SolutionConfigurationPlatforms) = preSolution
		Debug|Any CPU = Debug|Any CPU
		Release|Any CPU = Release|Any CPU
	EndGlobalSection
	GlobalSection(ProjectConfigurationPlatforms) = postSolution
		{0C5D5E67-6835-4784-8860-598F511CBF74}.Debug|Any CPU.ActiveCfg = Debug|Any CPU
		{0C5D5E67-6835-4784-8860-598F511CBF74}.Debug|Any CPU.Build.0 = Debug|Any CPU
		{0C5D5E67-6835-4784-8860-598F511CBF74}.Release|Any CPU.ActiveCfg = Release|Any CPU
		{0C5D5E67-6835-4784-8860-598F511CBF74}.Release|Any CPU.Build.0 = Release|Any CPU
	EndGlobalSection
	GlobalSection(SolutionProperties) = preSolution
		HideSolutionNode = FALSE
	EndGlobalSection
	GlobalSection(ExtensibilityGlobals) = postSolution
		SolutionGuid = {23BB405E-A9F7-429F-9118-0FDFAF487275}
	EndGlobalSection
EndGlobal
